
Microsoft Visual Studio Solution File, Format Version 12.00
# Visual Studio Version 17
VisualStudioVersion = 17.4.33110.190
MinimumVisualStudioVersion = 10.0.40219.1
Project("{FAE04EC0-301F-11D3-BF4B-00C04F79EFBC}") = "AbstractClasses", "AbstractClasses\AbstractClasses.csproj", "{9042C818-1905-4AA3-81DE-5073E0D239D9}"
EndProject
Global
	GlobalSection(SolutionConfigurationPlatforms) = preSolution
		Debug|Any CPU = Debug|Any CPU
		Release|Any CPU = Release|Any CPU
	EndGlobalSection
	GlobalSection(ProjectConfigurationPlatforms) = postSolution
		{9042C818-1905-4AA3-81DE-5073E0D239D9}.Debug|Any CPU.ActiveCfg = Debug|Any CPU
		{9042C818-1905-4AA3-81DE-5073E0D239D9}.Debug|Any CPU.Build.0 = Debug|Any CPU
		{9042C818-1905-4AA3-81DE-5073E0D239D9}.Release|Any CPU.ActiveCfg = Release|Any CPU
		{9042C818-1905-4AA3-81DE-5073E0D239D9}.Release|Any CPU.Build.0 = Release|Any CPU
	EndGlobalSection
	GlobalSection(SolutionProperties) = preSolution
		HideSolutionNode = FALSE
	EndGlobalSection
	GlobalSection(ExtensibilityGlobals) = postSolution
		SolutionGuid = {04752178-D4DD-4C90-8078-6EE3CB64C553}
	EndGlobalSection
EndGlobal
